
Microsoft Visual Studio Solution File, Format Version 12.00
Project("{FAE04EC0-301F-11D3-BF4B-00C04F79EFBC}") = "PLVisualizer.Api", "PLVisualizer.Api/PLVisualizer.Api.csproj", "{4F14D2A8-CB33-4BEC-B13F-1AE414BDEEA9}"
EndProject
Project("{FAE04EC0-301F-11D3-BF4B-00C04F79EFBC}") = "PLVisualizer.BusinessLogic", "PLVisualizer.BusinessLogic/PLVisualizer.BusinessLogic.csproj", "{0BC99D5B-FD05-4EBB-91D5-A66F9CF2E1B2}"
EndProject
Project("{FAE04EC0-301F-11D3-BF4B-00C04F79EFBC}") = "PLVisualizer.Api.Dto", "PLVisualizer.Api.Dto\PLVisualizer.Api.Dto.csproj", "{9479FD9D-4127-467C-87AF-1DA5ACFD1A58}"
EndProject
Project("{2150E333-8FDC-42A3-9474-1A3956D46DE8}") = "Utils", "Utils", "{8D85966D-22E6-40DD-913F-A7097DE163AB}"
EndProject
Project("{2150E333-8FDC-42A3-9474-1A3956D46DE8}") = "Api", "Api", "{A422761D-60BA-4EB2-A91D-5D1DF188D8ED}"
EndProject
Project("{FAE04EC0-301F-11D3-BF4B-00C04F79EFBC}") = "CurriculumParser", "curriculum-parser\CurriculumParser\CurriculumParser.csproj", "{8CF7BB42-3A20-4A5B-AF43-B000B16F5C43}"
EndProject
Project("{FAE04EC0-301F-11D3-BF4B-00C04F79EFBC}") = "PLVisualizerTest", "PLVisualizerTest\PLVisualizerTest.csproj", "{6EC2C89F-AE40-44FB-B766-514D8CB6219A}"
EndProject
Project("{FAE04EC0-301F-11D3-BF4B-00C04F79EFBC}") = "ApiUtils", "ApiUtils\ApiUtils.csproj", "{59FEA199-BAD1-4929-A8EC-45B8FB7EC931}"
EndProject
Project("{FAE04EC0-301F-11D3-BF4B-00C04F79EFBC}") = "Loggers", "Loggers\Loggers.csproj", "{80437186-75E2-4681-8483-576D10290BF8}"
EndProject
Global
	GlobalSection(SolutionConfigurationPlatforms) = preSolution
		Debug|Any CPU = Debug|Any CPU
		Release|Any CPU = Release|Any CPU
	EndGlobalSection
	GlobalSection(ProjectConfigurationPlatforms) = postSolution
		{4F14D2A8-CB33-4BEC-B13F-1AE414BDEEA9}.Debug|Any CPU.ActiveCfg = Debug|Any CPU
		{4F14D2A8-CB33-4BEC-B13F-1AE414BDEEA9}.Debug|Any CPU.Build.0 = Debug|Any CPU
		{4F14D2A8-CB33-4BEC-B13F-1AE414BDEEA9}.Release|Any CPU.ActiveCfg = Release|Any CPU
		{4F14D2A8-CB33-4BEC-B13F-1AE414BDEEA9}.Release|Any CPU.Build.0 = Release|Any CPU
		{0BC99D5B-FD05-4EBB-91D5-A66F9CF2E1B2}.Debug|Any CPU.ActiveCfg = Debug|Any CPU
		{0BC99D5B-FD05-4EBB-91D5-A66F9CF2E1B2}.Debug|Any CPU.Build.0 = Debug|Any CPU
		{0BC99D5B-FD05-4EBB-91D5-A66F9CF2E1B2}.Release|Any CPU.ActiveCfg = Release|Any CPU
		{0BC99D5B-FD05-4EBB-91D5-A66F9CF2E1B2}.Release|Any CPU.Build.0 = Release|Any CPU
		{9479FD9D-4127-467C-87AF-1DA5ACFD1A58}.Debug|Any CPU.ActiveCfg = Debug|Any CPU
		{9479FD9D-4127-467C-87AF-1DA5ACFD1A58}.Debug|Any CPU.Build.0 = Debug|Any CPU
		{9479FD9D-4127-467C-87AF-1DA5ACFD1A58}.Release|Any CPU.ActiveCfg = Release|Any CPU
		{9479FD9D-4127-467C-87AF-1DA5ACFD1A58}.Release|Any CPU.Build.0 = Release|Any CPU
		{8CF7BB42-3A20-4A5B-AF43-B000B16F5C43}.Debug|Any CPU.ActiveCfg = Debug|Any CPU
		{8CF7BB42-3A20-4A5B-AF43-B000B16F5C43}.Debug|Any CPU.Build.0 = Debug|Any CPU
		{8CF7BB42-3A20-4A5B-AF43-B000B16F5C43}.Release|Any CPU.ActiveCfg = Release|Any CPU
		{8CF7BB42-3A20-4A5B-AF43-B000B16F5C43}.Release|Any CPU.Build.0 = Release|Any CPU
		{6EC2C89F-AE40-44FB-B766-514D8CB6219A}.Debug|Any CPU.ActiveCfg = Debug|Any CPU
		{6EC2C89F-AE40-44FB-B766-514D8CB6219A}.Debug|Any CPU.Build.0 = Debug|Any CPU
		{6EC2C89F-AE40-44FB-B766-514D8CB6219A}.Release|Any CPU.ActiveCfg = Release|Any CPU
		{6EC2C89F-AE40-44FB-B766-514D8CB6219A}.Release|Any CPU.Build.0 = Release|Any CPU
		{59FEA199-BAD1-4929-A8EC-45B8FB7EC931}.Debug|Any CPU.ActiveCfg = Debug|Any CPU
		{59FEA199-BAD1-4929-A8EC-45B8FB7EC931}.Debug|Any CPU.Build.0 = Debug|Any CPU
		{59FEA199-BAD1-4929-A8EC-45B8FB7EC931}.Release|Any CPU.ActiveCfg = Release|Any CPU
		{59FEA199-BAD1-4929-A8EC-45B8FB7EC931}.Release|Any CPU.Build.0 = Release|Any CPU
		{80437186-75E2-4681-8483-576D10290BF8}.Debug|Any CPU.ActiveCfg = Debug|Any CPU
		{80437186-75E2-4681-8483-576D10290BF8}.Debug|Any CPU.Build.0 = Debug|Any CPU
		{80437186-75E2-4681-8483-576D10290BF8}.Release|Any CPU.ActiveCfg = Release|Any CPU
		{80437186-75E2-4681-8483-576D10290BF8}.Release|Any CPU.Build.0 = Release|Any CPU
	EndGlobalSection
	GlobalSection(NestedProjects) = preSolution
		{4F14D2A8-CB33-4BEC-B13F-1AE414BDEEA9} = {A422761D-60BA-4EB2-A91D-5D1DF188D8ED}
		{9479FD9D-4127-467C-87AF-1DA5ACFD1A58} = {A422761D-60BA-4EB2-A91D-5D1DF188D8ED}
		{0BC99D5B-FD05-4EBB-91D5-A66F9CF2E1B2} = {A422761D-60BA-4EB2-A91D-5D1DF188D8ED}
		{8CF7BB42-3A20-4A5B-AF43-B000B16F5C43} = {8D85966D-22E6-40DD-913F-A7097DE163AB}
		{59FEA199-BAD1-4929-A8EC-45B8FB7EC931} = {8D85966D-22E6-40DD-913F-A7097DE163AB}
		{80437186-75E2-4681-8483-576D10290BF8} = {A422761D-60BA-4EB2-A91D-5D1DF188D8ED}
	EndGlobalSection
EndGlobal
